
Microsoft Visual Studio Solution File, Format Version 12.00
# Visual Studio 15
Project("{2150E333-8FDC-42A3-9474-1A3956D46DE8}") = "src", "src", "{C8D20122-286E-45D8-9341-7AF006D36B49}"
EndProject
Project("{FAE04EC0-301F-11D3-BF4B-00C04F79EFBC}") = "TV24Generator", "src\TV24Generator\TV24Generator.csproj", "{0E04EC16-00E6-4681-AD75-CE25BA7B5DA5}"
EndProject
Project("{FAE04EC0-301F-11D3-BF4B-00C04F79EFBC}") = "TV24Generator.Tests", "src\TV24Generator.Tests\TV24Generator.Tests.csproj", "{1BD009C6-AD6A-4028-82B2-8FFA722FCA21}"
EndProject
Global
	GlobalSection(NestedProjects) = preSolution
		{0E04EC16-00E6-4681-AD75-CE25BA7B5DA5} = {C8D20122-286E-45D8-9341-7AF006D36B49}
		{1BD009C6-AD6A-4028-82B2-8FFA722FCA21} = {C8D20122-286E-45D8-9341-7AF006D36B49}
	EndGlobalSection
	GlobalSection(SolutionConfigurationPlatforms) = preSolution
		Debug|Any CPU = Debug|Any CPU
		Debug|x64 = Debug|x64
		Debug|x86 = Debug|x86
		Release|Any CPU = Release|Any CPU
		Release|x64 = Release|x64
		Release|x86 = Release|x86
	EndGlobalSection
	GlobalSection(ProjectConfigurationPlatforms) = postSolution
		{0E04EC16-00E6-4681-AD75-CE25BA7B5DA5}.Debug|Any CPU.ActiveCfg = Debug|Any CPU
		{0E04EC16-00E6-4681-AD75-CE25BA7B5DA5}.Debug|Any CPU.Build.0 = Debug|Any CPU
		{0E04EC16-00E6-4681-AD75-CE25BA7B5DA5}.Debug|x64.ActiveCfg = Debug|Any CPU
		{0E04EC16-00E6-4681-AD75-CE25BA7B5DA5}.Debug|x64.Build.0 = Debug|Any CPU
		{0E04EC16-00E6-4681-AD75-CE25BA7B5DA5}.Debug|x86.ActiveCfg = Debug|Any CPU
		{0E04EC16-00E6-4681-AD75-CE25BA7B5DA5}.Debug|x86.Build.0 = Debug|Any CPU
		{0E04EC16-00E6-4681-AD75-CE25BA7B5DA5}.Release|Any CPU.ActiveCfg = Release|Any CPU
		{0E04EC16-00E6-4681-AD75-CE25BA7B5DA5}.Release|Any CPU.Build.0 = Release|Any CPU
		{0E04EC16-00E6-4681-AD75-CE25BA7B5DA5}.Release|x64.ActiveCfg = Release|Any CPU
		{0E04EC16-00E6-4681-AD75-CE25BA7B5DA5}.Release|x64.Build.0 = Release|Any CPU
		{0E04EC16-00E6-4681-AD75-CE25BA7B5DA5}.Release|x86.ActiveCfg = Release|Any CPU
		{0E04EC16-00E6-4681-AD75-CE25BA7B5DA5}.Release|x86.Build.0 = Release|Any CPU
		{1BD009C6-AD6A-4028-82B2-8FFA722FCA21}.Debug|Any CPU.ActiveCfg = Debug|Any CPU
		{1BD009C6-AD6A-4028-82B2-8FFA722FCA21}.Debug|Any CPU.Build.0 = Debug|Any CPU
		{1BD009C6-AD6A-4028-82B2-8FFA722FCA21}.Debug|x64.ActiveCfg = Debug|Any CPU
		{1BD009C6-AD6A-4028-82B2-8FFA722FCA21}.Debug|x64.Build.0 = Debug|Any CPU
		{1BD009C6-AD6A-4028-82B2-8FFA722FCA21}.Debug|x86.ActiveCfg = Debug|Any CPU
		{1BD009C6-AD6A-4028-82B2-8FFA722FCA21}.Debug|x86.Build.0 = Debug|Any CPU
		{1BD009C6-AD6A-4028-82B2-8FFA722FCA21}.Release|Any CPU.ActiveCfg = Release|Any CPU
		{1BD009C6-AD6A-4028-82B2-8FFA722FCA21}.Release|Any CPU.Build.0 = Release|Any CPU
		{1BD009C6-AD6A-4028-82B2-8FFA722FCA21}.Release|x64.ActiveCfg = Release|Any CPU
		{1BD009C6-AD6A-4028-82B2-8FFA722FCA21}.Release|x64.Build.0 = Release|Any CPU
		{1BD009C6-AD6A-4028-82B2-8FFA722FCA21}.Release|x86.ActiveCfg = Release|Any CPU
		{1BD009C6-AD6A-4028-82B2-8FFA722FCA21}.Release|x86.Build.0 = Release|Any CPU
	EndGlobalSection
EndGlobal
